Microsoft Visual Studio Solution File, Format Version 12.00
# Visual Studio Version 17
VisualStudioVersion = 17.5.2.0
MinimumVisualStudioVersion = 10.0.40219.1
Project("{FAE04EC0-301F-11D3-BF4B-00C04F79EFBC}") = "azstor", "azstor.csproj", "{C7E3D3C1-9893-0A0A-BD4E-DE1E4FCB2670}"
EndProject
Global
	GlobalSection(SolutionConfigurationPlatforms) = preSolution
		Debug|Any CPU = Debug|Any CPU
		Release|Any CPU = Release|Any CPU
	EndGlobalSection
	GlobalSection(ProjectConfigurationPlatforms) = postSolution
		{C7E3D3C1-9893-0A0A-BD4E-DE1E4FCB2670}.Debug|Any CPU.ActiveCfg = Debug|Any CPU
		{C7E3D3C1-9893-0A0A-BD4E-DE1E4FCB2670}.Debug|Any CPU.Build.0 = Debug|Any CPU
		{C7E3D3C1-9893-0A0A-BD4E-DE1E4FCB2670}.Release|Any CPU.ActiveCfg = Release|Any CPU
		{C7E3D3C1-9893-0A0A-BD4E-DE1E4FCB2670}.Release|Any CPU.Build.0 = Release|Any CPU
	EndGlobalSection
	GlobalSection(SolutionProperties) = preSolution
		HideSolutionNode = FALSE
	EndGlobalSection
	GlobalSection(ExtensibilityGlobals) = postSolution
		SolutionGuid = {4BD9CB5B-2F5A-4A29-A383-168183713CC3}
	EndGlobalSection
EndGlobal
